lockfileVersion: '6.0'

settings:
  autoInstallPeers: true
  excludeLinksFromLockfile: false

dependencies:
  d3:
    specifier: ^7.9.0
    version: 7.9.0
  react:
    specifier: ^18.2.0
    version: 18.2.0
  react-dom:
    specifier: ^18.2.0
    version: 18.2.0(react@18.2.0)

devDependencies:
  '@rsbuild/core':
    specifier: ^0.6.5
    version: 0.6.5
  '@rsbuild/plugin-react':
    specifier: ^0.6.5
    version: 0.6.5(@rsbuild/core@0.6.5)
  '@types/react':
    specifier: ^18.2.75
    version: 18.2.75
  '@types/react-dom':
    specifier: ^18.2.24
    version: 18.2.24
  typescript:
    specifier: ^5.4.2
    version: 5.4.2

packages:

  /@module-federation/runtime-tools@0.1.6:
    resolution: {integrity: sha512-7ILVnzMIa0Dlc0Blck5tVZG1tnk1MmLnuZpLOMpbdW+zl+N6wdMjjHMjEZFCUAJh2E5XJ3BREwfX8Ets0nIkLg==}
    dependencies:
      '@module-federation/runtime': 0.1.6
      '@module-federation/webpack-bundler-runtime': 0.1.6
    dev: true

  /@module-federation/runtime@0.1.6:
    resolution: {integrity: sha512-nj6a+yJ+QxmcE89qmrTl4lphBIoAds0PFPVGnqLRWflwAP88jrCcrrTqRhARegkFDL+wE9AE04+h6jzlbIfMKg==}
    dependencies:
      '@module-federation/sdk': 0.1.6
    dev: true

  /@module-federation/sdk@0.1.6:
    resolution: {integrity: sha512-qifXpyYLM7abUeEOIfv0oTkguZgRZuwh89YOAYIZJlkP6QbRG7DJMQvtM8X2yHXm9PTk0IYNnOJH0vNQCo6auQ==}
    dev: true

  /@module-federation/webpack-bundler-runtime@0.1.6:
    resolution: {integrity: sha512-K5WhKZ4RVNaMEtfHsd/9CNCgGKB0ipbm/tgweNNeC11mEuBTNxJ09Y630vg3WPkKv9vfMCuXg2p2Dk+Q/KWTSA==}
    dependencies:
      '@module-federation/runtime': 0.1.6
      '@module-federation/sdk': 0.1.6
    dev: true

  /@rsbuild/core@0.6.5:
    resolution: {integrity: sha512-FgHkV6UDCCy+Ps3fKfFB7nxU9bI/VTVhCY6bFzTmQ1fFqKD8V1VGlvx4PBtwyM6NCTu1C6EPODTvbYNY6hJ6lw==}
    engines: {node: '>=16.0.0'}
    hasBin: true
    dependencies:
      '@rsbuild/shared': 0.6.5(@swc/helpers@0.5.3)
      '@rspack/core': 0.6.2(@swc/helpers@0.5.3)
      '@swc/helpers': 0.5.3
      core-js: 3.36.1
      html-webpack-plugin: /html-rspack-plugin@5.6.2(@rspack/core@0.6.2)
      postcss: 8.4.38
    dev: true

  /@rsbuild/plugin-react@0.6.5(@rsbuild/core@0.6.5):
    resolution: {integrity: sha512-rJ/b0YYknqB/H73+3kDo6I489cOKGaD6/ISx/7WXh2yBPGOL8RmcWqNs/Cdn6jIefMjk2ma3p5CAuyuiVY/dig==}
    peerDependencies:
      '@rsbuild/core': ^0.6.5
    dependencies:
      '@rsbuild/core': 0.6.5
      '@rsbuild/shared': 0.6.5(@swc/helpers@0.5.3)
      '@rspack/plugin-react-refresh': 0.6.2(react-refresh@0.14.0)
      react-refresh: 0.14.0
    transitivePeerDependencies:
      - '@swc/helpers'
    dev: true

  /@rsbuild/shared@0.6.5(@swc/helpers@0.5.3):
    resolution: {integrity: sha512-OLF+V0JZqctCIJXoze7PN/wUvm9PyE0t/CqK2pZqWNbUnyhToZKfv1ZHVWeRMJhYgCOpsFjICHgt/MkZmeuYzg==}
    dependencies:
      '@rspack/core': 0.6.2(@swc/helpers@0.5.3)
      caniuse-lite: 1.0.30001612
      postcss: 8.4.38
    transitivePeerDependencies:
      - '@swc/helpers'
    dev: true

  /@rspack/binding-darwin-arm64@0.6.2:
    resolution: {integrity: sha512-2+fpr27wJXVMsY441NRonws/e9RKBUWYX7onc0lFKVg/ZSmEfHWyrygcit/dpghIYQw9NJl5SiPGIPcIYeZd4w==}
    cpu: [arm64]
    os: [darwin]
    requiresBuild: true
    dev: true
    optional: true

  /@rspack/binding-darwin-x64@0.6.2:
    resolution: {integrity: sha512-q9m+10CZEmElqYoZNSN0V/kNBv1QMjHA7X+93GxtFa2hC7u/zfy80w0EFwSWV/6s5Z7wygmOHH72GAquuRZJUg==}
    cpu: [x64]
    os: [darwin]
    requiresBuild: true
    dev: true
    optional: true

  /@rspack/binding-linux-arm64-gnu@0.6.2:
    resolution: {integrity: sha512-F13+1zk8KUagizuvSjh7A83FxF3R/b6+yRIMln7TuV0DQ42JV8H48q/tU8+wI+KqdsNgj2yO8LZjqOQ994k4ow==}
    cpu: [arm64]
    os: [linux]
    requiresBuild: true
    dev: true
    optional: true

  /@rspack/binding-linux-arm64-musl@0.6.2:
    resolution: {integrity: sha512-1IyPH6hQreOvcNZmwK4XD8E5NEYqrtzKvsUPB13AV3+mO1EHxhnwQ7Dtk82mqwtaTTUPXJRREp+UNjwUTeJ6bA==}
    cpu: [arm64]
    os: [linux]
    requiresBuild: true
    dev: true
    optional: true

  /@rspack/binding-linux-x64-gnu@0.6.2:
    resolution: {integrity: sha512-NbqU05wIy1qC+66qlQjE9Zo4oAd70lZRgfO8iuLvon0GxG7plpffefhsAoAsh5vFg17ac6NWdwUUzWImYv2jhQ==}
    cpu: [x64]
    os: [linux]
    requiresBuild: true
    dev: true
    optional: true

  /@rspack/binding-linux-x64-musl@0.6.2:
    resolution: {integrity: sha512-K18x2AR1UiABqJMTlB/mXPytdc9dk0tQuQyJ3hH+gxhYI6T6w22p+hQWq1T9vJsIIk2P693YrfXR66mRFiknsw==}
    cpu: [x64]
    os: [linux]
    requiresBuild: true
    dev: true
    optional: true

  /@rspack/binding-win32-arm64-msvc@0.6.2:
    resolution: {integrity: sha512-00FdIoh2X8zt2i07R89zyI0HONof91PiM5JgY8BAfSPur+M9Uj7stqYHezr0KtVdgH2sASMURFGmgcz62pLViw==}
    cpu: [arm64]
    os: [win32]
    requiresBuild: true
    dev: true
    optional: true

  /@rspack/binding-win32-ia32-msvc@0.6.2:
    resolution: {integrity: sha512-ZU43j+iicnDrTsu/Wrw/18E+zUTFCfTUdq2BlaKH8yxhJVYqPHFjQo64p/7djULeZVchZU4uGuu00oovEHl/zg==}
    cpu: [ia32]
    os: [win32]
    requiresBuild: true
    dev: true
    optional: true

  /@rspack/binding-win32-x64-msvc@0.6.2:
    resolution: {integrity: sha512-1Ycfry5nk5SMDYOjlOmVXf4tJHOp2H2Wwupf5j2pUYPD9lyETt7O7GIQbdCLOcBLuyt0OSscDARTcqGlLw27gQ==}
    cpu: [x64]
    os: [win32]
    requiresBuild: true
    dev: true
    optional: true

  /@rspack/binding@0.6.2:
    resolution: {integrity: sha512-1LVccU/LRIMqp2g1ct2ebDS1DL7MnBlQNcUGf3szIiDsYXuGe3Pk4qdiLbVLzBQoDQFYKJmIgmUA1UkKZ5UN5g==}
    optionalDependencies:
      '@rspack/binding-darwin-arm64': 0.6.2
      '@rspack/binding-darwin-x64': 0.6.2
      '@rspack/binding-linux-arm64-gnu': 0.6.2
      '@rspack/binding-linux-arm64-musl': 0.6.2
      '@rspack/binding-linux-x64-gnu': 0.6.2
      '@rspack/binding-linux-x64-musl': 0.6.2
      '@rspack/binding-win32-arm64-msvc': 0.6.2
      '@rspack/binding-win32-ia32-msvc': 0.6.2
      '@rspack/binding-win32-x64-msvc': 0.6.2
    dev: true

  /@rspack/core@0.6.2(@swc/helpers@0.5.3):
    resolution: {integrity: sha512-1IggX3FZM4bVhUWhBIeUroiyOH05fBFIT3gvanpXIE00yMbp1exFjkfko5HmQ6e5FQrIvcNEBoQ2QyIYzu0vOw==}
    engines: {node: '>=16.0.0'}
    peerDependencies:
      '@swc/helpers': '>=0.5.1'
    peerDependenciesMeta:
      '@swc/helpers':
        optional: true
    dependencies:
      '@module-federation/runtime-tools': 0.1.6
      '@rspack/binding': 0.6.2
      '@swc/helpers': 0.5.3
      browserslist: 4.23.0
      enhanced-resolve: 5.12.0
      events: 3.3.0
      graceful-fs: 4.2.10
      json-parse-even-better-errors: 3.0.1
      neo-async: 2.6.2
      tapable: 2.2.1
      watchpack: 2.4.1
      webpack-sources: 3.2.3
      zod: 3.23.3
      zod-validation-error: 1.3.1(zod@3.23.3)
    dev: true

  /@rspack/plugin-react-refresh@0.6.2(react-refresh@0.14.0):
    resolution: {integrity: sha512-5k8oORBBhV/J8vvV2CUtK/X3q+puv2sMTfjKTjfNlfakLF/FoMj2SiCbUk3XmakimnPTsSrKv2w5MNvgqCaU7w==}
    peerDependencies:
      react-refresh: '>=0.10.0 <1.0.0'
    peerDependenciesMeta:
      react-refresh:
        optional: true
    dependencies:
      react-refresh: 0.14.0
    dev: true

  /@swc/helpers@0.5.3:
    resolution: {integrity: sha512-FaruWX6KdudYloq1AHD/4nU+UsMTdNE8CKyrseXWEcgjDAbvkwJg2QGPAnfIJLIWsjZOSPLOAykK6fuYp4vp4A==}
    dependencies:
      tslib: 2.6.2
    dev: true

  /@types/prop-types@15.7.12:
    resolution: {integrity: sha512-5zvhXYtRNRluoE/jAp4GVsSduVUzNWKkOZrCDBWYtE7biZywwdC2AcEzg+cSMLFRfVgeAFqpfNabiPjxFddV1Q==}
    dev: true

  /@types/react-dom@18.2.24:
    resolution: {integrity: sha512-cN6upcKd8zkGy4HU9F1+/s98Hrp6D4MOcippK4PoE8OZRngohHZpbJn1GsaDLz87MqvHNoT13nHvNqM9ocRHZg==}
    dependencies:
      '@types/react': 18.2.75
    dev: true

  /@types/react@18.2.75:
    resolution: {integrity: sha512-+DNnF7yc5y0bHkBTiLKqXFe+L4B3nvOphiMY3tuA5X10esmjqk7smyBZzbGTy2vsiy/Bnzj8yFIBL8xhRacoOg==}
    dependencies:
      '@types/prop-types': 15.7.12
      csstype: 3.1.3
    dev: true

  /browserslist@4.23.0:
    resolution: {integrity: sha512-QW8HiM1shhT2GuzkvklfjcKDiWFXHOeFCIA/huJPwHsslwcydgk7X+z2zXpEijP98UCY7HbubZt5J2Zgvf0CaQ==}
    engines: {node: ^6 || ^7 || ^8 || ^9 || ^10 || ^11 || ^12 || >=13.7}
    hasBin: true
    dependencies:
      caniuse-lite: 1.0.30001612
      electron-to-chromium: 1.4.746
      node-releases: 2.0.14
      update-browserslist-db: 1.0.13(browserslist@4.23.0)
    dev: true

  /caniuse-lite@1.0.30001612:
    resolution: {integrity: sha512-lFgnZ07UhaCcsSZgWW0K5j4e69dK1u/ltrL9lTUiFOwNHs12S3UMIEYgBV0Z6C6hRDev7iRnMzzYmKabYdXF9g==}
    dev: true

  /commander@7.2.0:
    resolution: {integrity: sha512-QrWXB+ZQSVPmIWIhtEO9H+gwHaMGYiF5ChvoJ+K9ZGHG/sVsa6yiesAD1GC/x46sET00Xlwo1u49RVVVzvcSkw==}
    engines: {node: '>= 10'}
    dev: false

  /core-js@3.36.1:
    resolution: {integrity: sha512-BTvUrwxVBezj5SZ3f10ImnX2oRByMxql3EimVqMysepbC9EeMUOpLwdy6Eoili2x6E4kf+ZUB5k/+Jv55alPfA==}
    requiresBuild: true
    dev: true

  /csstype@3.1.3:
    resolution: {integrity: sha512-M1uQkMl8rQK/szD0LNhtqxIPLpimGm8sOBwU7lLnCpSbTyY3yeU1Vc7l4KT5zT4s/yOxHH5O7tIuuLOCnLADRw==}
    dev: true

  /d3-array@3.2.4:
    resolution: {integrity: sha512-tdQAmyA18i4J7wprpYq8ClcxZy3SC31QMeByyCFyRt7BVHdREQZ5lpzoe5mFEYZUWe+oq8HBvk9JjpibyEV4Jg==}
    engines: {node: '>=12'}
    dependencies:
      internmap: 2.0.3
    dev: false

  /d3-axis@3.0.0:
    resolution: {integrity: sha512-IH5tgjV4jE/GhHkRV0HiVYPDtvfjHQlQfJHs0usq7M30XcSBvOotpmH1IgkcXsO/5gEQZD43B//fc7SRT5S+xw==}
    engines: {node: '>=12'}
    dev: false

  /d3-brush@3.0.0:
    resolution: {integrity: sha512-ALnjWlVYkXsVIGlOsuWH1+3udkYFI48Ljihfnh8FZPF2QS9o+PzGLBslO0PjzVoHLZ2KCVgAM8NVkXPJB2aNnQ==}
    engines: {node: '>=12'}
    dependencies:
      d3-dispatch: 3.0.1
      d3-drag: 3.0.0
      d3-interpolate: 3.0.1
      d3-selection: 3.0.0
      d3-transition: 3.0.1(d3-selection@3.0.0)
    dev: false

  /d3-chord@3.0.1:
    resolution: {integrity: sha512-VE5S6TNa+j8msksl7HwjxMHDM2yNK3XCkusIlpX5kwauBfXuyLAtNg9jCp/iHH61tgI4sb6R/EIMWCqEIdjT/g==}
    engines: {node: '>=12'}
    dependencies:
      d3-path: 3.1.0
    dev: false

  /d3-color@3.1.0:
    resolution: {integrity: sha512-zg/chbXyeBtMQ1LbD/WSoW2DpC3I0mpmPdW+ynRTj/x2DAWYrIY7qeZIHidozwV24m4iavr15lNwIwLxRmOxhA==}
    engines: {node: '>=12'}
    dev: false

  /d3-contour@4.0.2:
    resolution: {integrity: sha512-4EzFTRIikzs47RGmdxbeUvLWtGedDUNkTcmzoeyg4sP/dvCexO47AaQL7VKy/gul85TOxw+IBgA8US2xwbToNA==}
    engines: {node: '>=12'}
    dependencies:
      d3-array: 3.2.4
    dev: false

  /d3-delaunay@6.0.4:
    resolution: {integrity: sha512-mdjtIZ1XLAM8bm/hx3WwjfHt6Sggek7qH043O8KEjDXN40xi3vx/6pYSVTwLjEgiXQTbvaouWKynLBiUZ6SK6A==}
    engines: {node: '>=12'}
    dependencies:
      delaunator: 5.0.1
    dev: false

  /d3-dispatch@3.0.1:
    resolution: {integrity: sha512-rzUyPU/S7rwUflMyLc1ETDeBj0NRuHKKAcvukozwhshr6g6c5d8zh4c2gQjY2bZ0dXeGLWc1PF174P2tVvKhfg==}
    engines: {node: '>=12'}
    dev: false

  /d3-drag@3.0.0:
    resolution: {integrity: sha512-pWbUJLdETVA8lQNJecMxoXfH6x+mO2UQo8rSmZ+QqxcbyA3hfeprFgIT//HW2nlHChWeIIMwS2Fq+gEARkhTkg==}
    engines: {node: '>=12'}
    dependencies:
      d3-dispatch: 3.0.1
      d3-selection: 3.0.0
    dev: false

  /d3-dsv@3.0.1:
    resolution: {integrity: sha512-UG6OvdI5afDIFP9w4G0mNq50dSOsXHJaRE8arAS5o9ApWnIElp8GZw1Dun8vP8OyHOZ/QJUKUJwxiiCCnUwm+Q==}
    engines: {node: '>=12'}
    hasBin: true
    dependencies:
      commander: 7.2.0
      iconv-lite: 0.6.3
      rw: 1.3.3
    dev: false

  /d3-ease@3.0.1:
    resolution: {integrity: sha512-wR/XK3D3XcLIZwpbvQwQ5fK+8Ykds1ip7A2Txe0yxncXSdq1L9skcG7blcedkOX+ZcgxGAmLX1FrRGbADwzi0w==}
    engines: {node: '>=12'}
    dev: false

  /d3-fetch@3.0.1:
    resolution: {integrity: sha512-kpkQIM20n3oLVBKGg6oHrUchHM3xODkTzjMoj7aWQFq5QEM+R6E4WkzT5+tojDY7yjez8KgCBRoj4aEr99Fdqw==}
    engines: {node: '>=12'}
    dependencies:
      d3-dsv: 3.0.1
    dev: false

  /d3-force@3.0.0:
    resolution: {integrity: sha512-zxV/SsA+U4yte8051P4ECydjD/S+qeYtnaIyAs9tgHCqfguma/aAQDjo85A9Z6EKhBirHRJHXIgJUlffT4wdLg==}
    engines: {node: '>=12'}
    dependencies:
      d3-dispatch: 3.0.1
      d3-quadtree: 3.0.1
      d3-timer: 3.0.1
    dev: false

  /d3-format@3.1.0:
    resolution: {integrity: sha512-YyUI6AEuY/Wpt8KWLgZHsIU86atmikuoOmCfommt0LYHiQSPjvX2AcFc38PX0CBpr2RCyZhjex+NS/LPOv6YqA==}
    engines: {node: '>=12'}
    dev: false

  /d3-geo@3.1.1:
    resolution: {integrity: sha512-637ln3gXKXOwhalDzinUgY83KzNWZRKbYubaG+fGVuc/dxO64RRljtCTnf5ecMyE1RIdtqpkVcq0IbtU2S8j2Q==}
    engines: {node: '>=12'}
    dependencies:
      d3-array: 3.2.4
    dev: false

  /d3-hierarchy@3.1.2:
    resolution: {integrity: sha512-FX/9frcub54beBdugHjDCdikxThEqjnR93Qt7PvQTOHxyiNCAlvMrHhclk3cD5VeAaq9fxmfRp+CnWw9rEMBuA==}
    engines: {node: '>=12'}
    dev: false

  /d3-interpolate@3.0.1:
    resolution: {integrity: sha512-3bYs1rOD33uo8aqJfKP3JWPAibgw8Zm2+L9vBKEHJ2Rg+viTR7o5Mmv5mZcieN+FRYaAOWX5SJATX6k1PWz72g==}
    engines: {node: '>=12'}
    dependencies:
      d3-color: 3.1.0
    dev: false

  /d3-path@3.1.0:
    resolution: {integrity: sha512-p3KP5HCf/bvjBSSKuXid6Zqijx7wIfNW+J/maPs+iwR35at5JCbLUT0LzF1cnjbCHWhqzQTIN2Jpe8pRebIEFQ==}
    engines: {node: '>=12'}
    dev: false

  /d3-polygon@3.0.1:
    resolution: {integrity: sha512-3vbA7vXYwfe1SYhED++fPUQlWSYTTGmFmQiany/gdbiWgU/iEyQzyymwL9SkJjFFuCS4902BSzewVGsHHmHtXg==}
    engines: {node: '>=12'}
    dev: false

  /d3-quadtree@3.0.1:
    resolution: {integrity: sha512-04xDrxQTDTCFwP5H6hRhsRcb9xxv2RzkcsygFzmkSIOJy3PeRJP7sNk3VRIbKXcog561P9oU0/rVH6vDROAgUw==}
    engines: {node: '>=12'}
    dev: false

  /d3-random@3.0.1:
    resolution: {integrity: sha512-FXMe9GfxTxqd5D6jFsQ+DJ8BJS4E/fT5mqqdjovykEB2oFbTMDVdg1MGFxfQW+FBOGoB++k8swBrgwSHT1cUXQ==}
    engines: {node: '>=12'}
    dev: false

  /d3-scale-chromatic@3.1.0:
    resolution: {integrity: sha512-A3s5PWiZ9YCXFye1o246KoscMWqf8BsD9eRiJ3He7C9OBaxKhAd5TFCdEx/7VbKtxxTsu//1mMJFrEt572cEyQ==}
    engines: {node: '>=12'}
    dependencies:
      d3-color: 3.1.0
      d3-interpolate: 3.0.1
    dev: false

  /d3-scale@4.0.2:
    resolution: {integrity: sha512-GZW464g1SH7ag3Y7hXjf8RoUuAFIqklOAq3MRl4OaWabTFJY9PN/E1YklhXLh+OQ3fM9yS2nOkCoS+WLZ6kvxQ==}
    engines: {node: '>=12'}
    dependencies:
      d3-array: 3.2.4
      d3-format: 3.1.0
      d3-interpolate: 3.0.1
      d3-time: 3.1.0
      d3-time-format: 4.1.0
    dev: false

  /d3-selection@3.0.0:
    resolution: {integrity: sha512-fmTRWbNMmsmWq6xJV8D19U/gw/bwrHfNXxrIN+HfZgnzqTHp9jOmKMhsTUjXOJnZOdZY9Q28y4yebKzqDKlxlQ==}
    engines: {node: '>=12'}
    dev: false

  /d3-shape@3.2.0:
    resolution: {integrity: sha512-SaLBuwGm3MOViRq2ABk3eLoxwZELpH6zhl3FbAoJ7Vm1gofKx6El1Ib5z23NUEhF9AsGl7y+dzLe5Cw2AArGTA==}
    engines: {node: '>=12'}
    dependencies:
      d3-path: 3.1.0
    dev: false

  /d3-time-format@4.1.0:
    resolution: {integrity: sha512-dJxPBlzC7NugB2PDLwo9Q8JiTR3M3e4/XANkreKSUxF8vvXKqm1Yfq4Q5dl8budlunRVlUUaDUgFt7eA8D6NLg==}
    engines: {node: '>=12'}
    dependencies:
      d3-time: 3.1.0
    dev: false

  /d3-time@3.1.0:
    resolution: {integrity: sha512-VqKjzBLejbSMT4IgbmVgDjpkYrNWUYJnbCGo874u7MMKIWsILRX+OpX/gTk8MqjpT1A/c6HY2dCA77ZN0lkQ2Q==}
    engines: {node: '>=12'}
    dependencies:
      d3-array: 3.2.4
    dev: false

  /d3-timer@3.0.1:
    resolution: {integrity: sha512-ndfJ/JxxMd3nw31uyKoY2naivF+r29V+Lc0svZxe1JvvIRmi8hUsrMvdOwgS1o6uBHmiz91geQ0ylPP0aj1VUA==}
    engines: {node: '>=12'}
    dev: false

  /d3-transition@3.0.1(d3-selection@3.0.0):
    resolution: {integrity: sha512-ApKvfjsSR6tg06xrL434C0WydLr7JewBB3V+/39RMHsaXTOG0zmt/OAXeng5M5LBm0ojmxJrpomQVZ1aPvBL4w==}
    engines: {node: '>=12'}
    peerDependencies:
      d3-selection: 2 - 3
    dependencies:
      d3-color: 3.1.0
      d3-dispatch: 3.0.1
      d3-ease: 3.0.1
      d3-interpolate: 3.0.1
      d3-selection: 3.0.0
      d3-timer: 3.0.1
    dev: false

  /d3-zoom@3.0.0:
    resolution: {integrity: sha512-b8AmV3kfQaqWAuacbPuNbL6vahnOJflOhexLzMMNLga62+/nh0JzvJ0aO/5a5MVgUFGS7Hu1P9P03o3fJkDCyw==}
    engines: {node: '>=12'}
    dependencies:
      d3-dispatch: 3.0.1
      d3-drag: 3.0.0
      d3-interpolate: 3.0.1
      d3-selection: 3.0.0
      d3-transition: 3.0.1(d3-selection@3.0.0)
    dev: false

  /d3@7.9.0:
    resolution: {integrity: sha512-e1U46jVP+w7Iut8Jt8ri1YsPOvFpg46k+K8TpCb0P+zjCkjkPnV7WzfDJzMHy1LnA+wj5pLT1wjO901gLXeEhA==}
    engines: {node: '>=12'}
    dependencies:
      d3-array: 3.2.4
      d3-axis: 3.0.0
      d3-brush: 3.0.0
      d3-chord: 3.0.1
      d3-color: 3.1.0
      d3-contour: 4.0.2
      d3-delaunay: 6.0.4
      d3-dispatch: 3.0.1
      d3-drag: 3.0.0
      d3-dsv: 3.0.1
      d3-ease: 3.0.1
      d3-fetch: 3.0.1
      d3-force: 3.0.0
      d3-format: 3.1.0
      d3-geo: 3.1.1
      d3-hierarchy: 3.1.2
      d3-interpolate: 3.0.1
      d3-path: 3.1.0
      d3-polygon: 3.0.1
      d3-quadtree: 3.0.1
      d3-random: 3.0.1
      d3-scale: 4.0.2
      d3-scale-chromatic: 3.1.0
      d3-selection: 3.0.0
      d3-shape: 3.2.0
      d3-time: 3.1.0
      d3-time-format: 4.1.0
      d3-timer: 3.0.1
      d3-transition: 3.0.1(d3-selection@3.0.0)
      d3-zoom: 3.0.0
    dev: false

  /delaunator@5.0.1:
    resolution: {integrity: sha512-8nvh+XBe96aCESrGOqMp/84b13H9cdKbG5P2ejQCh4d4sK9RL4371qou9drQjMhvnPmhWl5hnmqbEE0fXr9Xnw==}
    dependencies:
      robust-predicates: 3.0.2
    dev: false

  /electron-to-chromium@1.4.746:
    resolution: {integrity: sha512-jeWaIta2rIG2FzHaYIhSuVWqC6KJYo7oSBX4Jv7g+aVujKztfvdpf+n6MGwZdC5hQXbax4nntykLH2juIQrfPg==}
    dev: true

  /enhanced-resolve@5.12.0:
    resolution: {integrity: sha512-QHTXI/sZQmko1cbDoNAa3mJ5qhWUUNAq3vR0/YiD379fWQrcfuoX1+HW2S0MTt7XmoPLapdaDKUtelUSPic7hQ==}
    engines: {node: '>=10.13.0'}
    dependencies:
      graceful-fs: 4.2.10
      tapable: 2.2.1
    dev: true

  /escalade@3.1.2:
    resolution: {integrity: sha512-ErCHMCae19vR8vQGe50xIsVomy19rg6gFu3+r3jkEO46suLMWBksvVyoGgQV+jOfl84ZSOSlmv6Gxa89PmTGmA==}
    engines: {node: '>=6'}
    dev: true

  /events@3.3.0:
    resolution: {integrity: sha512-mQw+2fkQbALzQ7V0MY0IqdnXNOeTtP4r0lN9z7AAawCXgqea7bDii20AYrIBrFd/Hx0M2Ocz6S111CaFkUcb0Q==}
    engines: {node: '>=0.8.x'}
    dev: true

  /glob-to-regexp@0.4.1:
    resolution: {integrity: sha512-lkX1HJXwyMcprw/5YUZc2s7DrpAiHB21/V+E1rHUrVNokkvB6bqMzT0VfV6/86ZNabt1k14YOIaT7nDvOX3Iiw==}
    dev: true

  /graceful-fs@4.2.10:
    resolution: {integrity: sha512-9ByhssR2fPVsNZj478qUUbKfmL0+t5BDVyjShtyZZLiK7ZDAArFFfopyOTj0M05wE2tJPisA4iTnnXl2YoPvOA==}
    dev: true

  /html-rspack-plugin@5.6.2(@rspack/core@0.6.2):
    resolution: {integrity: sha512-cPGwV3odvKJ7DBAG/DxF5e0nMMvBl1zGfyDciT2xMETRrIwajwC7LtEB3cf7auoGMK6xJOOLjWJgaKHLu/FzkQ==}
    engines: {node: '>=10.13.0'}
    peerDependencies:
      '@rspack/core': 0.x || 1.x
    peerDependenciesMeta:
      '@rspack/core':
        optional: true
    dependencies:
      '@rspack/core': 0.6.2(@swc/helpers@0.5.3)
      lodash: 4.17.21
      tapable: 2.2.1
    dev: true

  /iconv-lite@0.6.3:
    resolution: {integrity: sha512-4fCk79wshMdzMp2rH06qWrJE4iolqLhCUH+OiuIgU++RB0+94NlDL81atO7GX55uUKueo0txHNtvEyI6D7WdMw==}
    engines: {node: '>=0.10.0'}
    dependencies:
      safer-buffer: 2.1.2
    dev: false

  /internmap@2.0.3:
    resolution: {integrity: sha512-5Hh7Y1wQbvY5ooGgPbDaL5iYLAPzMTUrjMulskHLH6wnv/A+1q5rgEaiuqEjB+oxGXIVZs1FF+R/KPN3ZSQYYg==}
    engines: {node: '>=12'}
    dev: false

  /js-tokens@4.0.0:
    resolution: {integrity: sha512-RdJUflcE3cUzKiMqQgsCu06FPu9UdIJO0beYbPhHN4k6apgJtifcoCtT9bcxOpYBtpD2kCM6Sbzg4CausW/PKQ==}
    dev: false

  /json-parse-even-better-errors@3.0.1:
    resolution: {integrity: sha512-aatBvbL26wVUCLmbWdCpeu9iF5wOyWpagiKkInA+kfws3sWdBrTnsvN2CKcyCYyUrc7rebNBlK6+kteg7ksecg==}
    engines: {node: ^14.17.0 || ^16.13.0 || >=18.0.0}
    dev: true

  /lodash@4.17.21:
    resolution: {integrity: sha512-v2kDEe57lecTulaDIuNTPy3Ry4gLGJ6Z1O3vE1krgXZNrsQ+LFTGHVxVjcXPs17LhbZVGedAJv8XZ1tvj5FvSg==}
    dev: true

  /loose-envify@1.4.0:
    resolution: {integrity: sha512-lyuxPGr/Wfhrlem2CL/UcnUc1zcqKAImBDzukY7Y5F/yQiNdko6+fRLevlw1HgMySw7f611UIY408EtxRSoK3Q==}
    hasBin: true
    dependencies:
      js-tokens: 4.0.0
    dev: false

  /nanoid@3.3.7:
    resolution: {integrity: sha512-eSRppjcPIatRIMC1U6UngP8XFcz8MQWGQdt1MTBQ7NaAmvXDfvNxbvWV3x2y6CdEUciCSsDHDQZbhYaB8QEo2g==}
    engines: {node: ^10 || ^12 || ^13.7 || ^14 || >=15.0.1}
    hasBin: true
    dev: true

  /neo-async@2.6.2:
    resolution: {integrity: sha512-Yd3UES5mWCSqR+qNT93S3UoYUkqAZ9lLg8a7g9rimsWmYGK8cVToA4/sF3RrshdyV3sAGMXVUmpMYOw+dLpOuw==}
    dev: true

  /node-releases@2.0.14:
    resolution: {integrity: sha512-y10wOWt8yZpqXmOgRo77WaHEmhYQYGNA6y421PKsKYWEK8aW+cqAphborZDhqfyKrbZEN92CN1X2KbafY2s7Yw==}
    dev: true

  /picocolors@1.0.0:
    resolution: {integrity: sha512-1fygroTLlHu66zi26VoTDv8yRgm0Fccecssto+MhsZ0D/DGW2sm8E8AjW7NU5VVTRt5GxbeZ5qBuJr+HyLYkjQ==}
    dev: true

  /postcss@8.4.38:
    resolution: {integrity: sha512-Wglpdk03BSfXkHoQa3b/oulrotAkwrlLDRSOb9D0bN86FdRyE9lppSp33aHNPgBa0JKCoB+drFLZkQoRRYae5A==}
    engines: {node: ^10 || ^12 || >=14}
    dependencies:
      nanoid: 3.3.7
      picocolors: 1.0.0
      source-map-js: 1.2.0
    dev: true

  /react-dom@18.2.0(react@18.2.0):
    resolution: {integrity: sha512-6IMTriUmvsjHUjNtEDudZfuDQUoWXVxKHhlEGSk81n4YFS+r/Kl99wXiwlVXtPBtJenozv2P+hxDsw9eA7Xo6g==}
    peerDependencies:
      react: ^18.2.0
    dependencies:
      loose-envify: 1.4.0
      react: 18.2.0
      scheduler: 0.23.0
    dev: false

  /react-refresh@0.14.0:
    resolution: {integrity: sha512-wViHqhAd8OHeLS/IRMJjTSDHF3U9eWi62F/MledQGPdJGDhodXJ9PBLNGr6WWL7qlH12Mt3TyTpbS+hGXMjCzQ==}
    engines: {node: '>=0.10.0'}
    dev: true

  /react@18.2.0:
    resolution: {integrity: sha512-/3IjMdb2L9QbBdWiW5e3P2/npwMBaU9mHCSCUzNln0ZCYbcfTsGbTJrU/kGemdH2IWmB2ioZ+zkxtmq6g09fGQ==}
    engines: {node: '>=0.10.0'}
    dependencies:
      loose-envify: 1.4.0
    dev: false

  /robust-predicates@3.0.2:
    resolution: {integrity: sha512-IXgzBWvWQwE6PrDI05OvmXUIruQTcoMDzRsOd5CDvHCVLcLHMTSYvOK5Cm46kWqlV3yAbuSpBZdJ5oP5OUoStg==}
    dev: false

  /rw@1.3.3:
    resolution: {integrity: sha512-PdhdWy89SiZogBLaw42zdeqtRJ//zFd2PgQavcICDUgJT5oW10QCRKbJ6bg4r0/UY2M6BWd5tkxuGFRvCkgfHQ==}
    dev: false

  /safer-buffer@2.1.2:
    resolution: {integrity: sha512-YZo3K82SD7Riyi0E1EQPojLz7kpepnSQI9IyPbHHg1XXXevb5dJI7tpyN2ADxGcQbHG7vcyRHk0cbwqcQriUtg==}
    dev: false

  /scheduler@0.23.0:
    resolution: {integrity: sha512-CtuThmgHNg7zIZWAXi3AsyIzA3n4xx7aNyjwC2VJldO2LMVDhFK+63xGqq6CsJH4rTAt6/M+N4GhZiDYPx9eUw==}
    dependencies:
      loose-envify: 1.4.0
    dev: false

  /source-map-js@1.2.0:
    resolution: {integrity: sha512-itJW8lvSA0TXEphiRoawsCksnlf8SyvmFzIhltqAHluXd88pkCd+cXJVHTDwdCr0IzwptSm035IHQktUu1QUMg==}
    engines: {node: '>=0.10.0'}
    dev: true

  /tapable@2.2.1:
    resolution: {integrity: sha512-GNzQvQTOIP6RyTfE2Qxb8ZVlNmw0n88vp1szwWRimP02mnTsx3Wtn5qRdqY9w2XduFNUgvOwhNnQsjwCp+kqaQ==}
    engines: {node: '>=6'}
    dev: true

  /tslib@2.6.2:
    resolution: {integrity: sha512-AEYxH93jGFPn/a2iVAwW87VuUIkR1FVUKB77NwMF7nBTDkDrrT/Hpt/IrCJ0QXhW27jTBDcf5ZY7w6RiqTMw2Q==}
    dev: true

  /typescript@5.4.2:
    resolution: {integrity: sha512-+2/g0Fds1ERlP6JsakQQDXjZdZMM+rqpamFZJEKh4kwTIn3iDkgKtby0CeNd5ATNZ4Ry1ax15TMx0W2V+miizQ==}
    engines: {node: '>=14.17'}
    hasBin: true
    dev: true

  /update-browserslist-db@1.0.13(browserslist@4.23.0):
    resolution: {integrity: sha512-xebP81SNcPuNpPP3uzeW1NYXxI3rxyJzF3pD6sH4jE7o/IX+WtSpwnVU+qIsDPyk0d3hmFQ7mjqc6AtV604hbg==}
    hasBin: true
    peerDependencies:
      browserslist: '>= 4.21.0'
    dependencies:
      browserslist: 4.23.0
      escalade: 3.1.2
      picocolors: 1.0.0
    dev: true

  /watchpack@2.4.1:
    resolution: {integrity: sha512-8wrBCMtVhqcXP2Sup1ctSkga6uc2Bx0IIvKyT7yTFier5AXHooSI+QyQQAtTb7+E0IUCCKyTFmXqdqgum2XWGg==}
    engines: {node: '>=10.13.0'}
    dependencies:
      glob-to-regexp: 0.4.1
      graceful-fs: 4.2.10
    dev: true

  /webpack-sources@3.2.3:
    resolution: {integrity: sha512-/DyMEOrDgLKKIG0fmvtz+4dUX/3Ghozwgm6iPp8KRhvn+eQf9+Q7GWxVNMk3+uCPWfdXYC4ExGBckIXdFEfH1w==}
    engines: {node: '>=10.13.0'}
    dev: true

  /zod-validation-error@1.3.1(zod@3.23.3):
    resolution: {integrity: sha512-cNEXpla+tREtNdAnNKY4xKY1SGOn2yzyuZMu4O0RQylX9apRpUjNcPkEc3uHIAr5Ct7LenjZt6RzjEH6+JsqVQ==}
    engines: {node: '>=16.0.0'}
    peerDependencies:
      zod: ^3.18.0
    dependencies:
      zod: 3.23.3
    dev: true

  /zod@3.23.3:
    resolution: {integrity: sha512-tPvq1B/2Yu/dh2uAIH2/BhUlUeLIUvAjr6dpL/75I0pCYefHgjhXk1o1Kob3kTU8C7yU1j396jFHlsVWFi9ogg==}
    dev: true
